
Microsoft Visual Studio Solution File, Format Version 12.00
# Visual Studio 14
VisualStudioVersion = 14.0.25420.1
MinimumVisualStudioVersion = 10.0.40219.1
Project("{FAE04EC0-301F-11D3-BF4B-00C04F79EFBC}") = "Falcon", "Falcon.csproj", "{1BE98DC1-E8C0-4E78-A8E3-EE398B01FE46}"
EndProject
Project("{FAE04EC0-301F-11D3-BF4B-00C04F79EFBC}") = "ExampleApp", "..\ExampleApp\ExampleApp.csproj", "{77A2DA17-D8E7-4B74-9AFA-73054F2CA4BF}"
EndProject
Project("{FAE04EC0-301F-11D3-BF4B-00C04F79EFBC}") = "Tests", "..\Tests\Tests.csproj", "{8583C4AD-056E-4054-A27D-052A3F283E66}"
EndProject
Global
	GlobalSection(SolutionConfigurationPlatforms) = preSolution
		Debug|Any CPU = Debug|Any CPU
		Debug|x86 = Debug|x86
		Release|Any CPU = Release|Any CPU
		Release|x86 = Release|x86
	EndGlobalSection
	GlobalSection(ProjectConfigurationPlatforms) = postSolution
		{1BE98DC1-E8C0-4E78-A8E3-EE398B01FE46}.Debug|Any CPU.ActiveCfg = Debug|Any CPU
		{1BE98DC1-E8C0-4E78-A8E3-EE398B01FE46}.Debug|Any CPU.Build.0 = Debug|Any CPU
		{1BE98DC1-E8C0-4E78-A8E3-EE398B01FE46}.Debug|x86.ActiveCfg = Debug|Any CPU
		{1BE98DC1-E8C0-4E78-A8E3-EE398B01FE46}.Debug|x86.Build.0 = Debug|Any CPU
		{1BE98DC1-E8C0-4E78-A8E3-EE398B01FE46}.Release|Any CPU.ActiveCfg = Release|Any CPU
		{1BE98DC1-E8C0-4E78-A8E3-EE398B01FE46}.Release|Any CPU.Build.0 = Release|Any CPU
		{1BE98DC1-E8C0-4E78-A8E3-EE398B01FE46}.Release|x86.ActiveCfg = Release|Any CPU
		{1BE98DC1-E8C0-4E78-A8E3-EE398B01FE46}.Release|x86.Build.0 = Release|Any CPU
		{77A2DA17-D8E7-4B74-9AFA-73054F2CA4BF}.Debug|Any CPU.ActiveCfg = Debug|Any CPU
		{77A2DA17-D8E7-4B74-9AFA-73054F2CA4BF}.Debug|Any CPU.Build.0 = Debug|Any CPU
		{77A2DA17-D8E7-4B74-9AFA-73054F2CA4BF}.Debug|x86.ActiveCfg = Debug|Any CPU
		{77A2DA17-D8E7-4B74-9AFA-73054F2CA4BF}.Debug|x86.Build.0 = Debug|Any CPU
		{77A2DA17-D8E7-4B74-9AFA-73054F2CA4BF}.Release|Any CPU.ActiveCfg = Release|Any CPU
		{77A2DA17-D8E7-4B74-9AFA-73054F2CA4BF}.Release|Any CPU.Build.0 = Release|Any CPU
		{77A2DA17-D8E7-4B74-9AFA-73054F2CA4BF}.Release|x86.ActiveCfg = Release|Any CPU
		{77A2DA17-D8E7-4B74-9AFA-73054F2CA4BF}.Release|x86.Build.0 = Release|Any CPU
		{8583C4AD-056E-4054-A27D-052A3F283E66}.Debug|Any CPU.ActiveCfg = Debug|Any CPU
		{8583C4AD-056E-4054-A27D-052A3F283E66}.Debug|Any CPU.Build.0 = Debug|Any CPU
		{8583C4AD-056E-4054-A27D-052A3F283E66}.Debug|x86.ActiveCfg = Debug|Any CPU
		{8583C4AD-056E-4054-A27D-052A3F283E66}.Debug|x86.Build.0 = Debug|Any CPU
		{8583C4AD-056E-4054-A27D-052A3F283E66}.Release|Any CPU.ActiveCfg = Release|Any CPU
		{8583C4AD-056E-4054-A27D-052A3F283E66}.Release|Any CPU.Build.0 = Release|Any CPU
		{8583C4AD-056E-4054-A27D-052A3F283E66}.Release|x86.ActiveCfg = Release|Any CPU
		{8583C4AD-056E-4054-A27D-052A3F283E66}.Release|x86.Build.0 = Release|Any CPU
	EndGlobalSection
	GlobalSection(SolutionProperties) = preSolution
		HideSolutionNode = FALSE
	EndGlobalSection
EndGlobal
